
Microsoft Visual Studio Solution File, Format Version 12.00
# Visual Studio Version 16
VisualStudioVersion = 16.0.28902.138
MinimumVisualStudioVersion = 10.0.40219.1
Project("{FAE04EC0-301F-11D3-BF4B-00C04F79EFBC}") = "PickBan-o-mat", "PickBan-o-mat\PickBan-o-mat.csproj", "{03F1C086-22FA-450A-B618-CC2C275DF1A7}"
EndProject
Project("{9092AA53-FB77-4645-B42D-1CCCA6BD08BD}") = "nndmg-api", "99dmgAPI\99dmgAPI\nndmg-api.njsproj", "{D4C00740-6ECE-4997-8EDD-ACCC8D919AC0}"
EndProject
Global
	GlobalSection(SolutionConfigurationPlatforms) = preSolution
		Debug|Any CPU = Debug|Any CPU
		Release|Any CPU = Release|Any CPU
		testjs|Any CPU = testjs|Any CPU
	EndGlobalSection
	GlobalSection(ProjectConfigurationPlatforms) = postSolution
		{03F1C086-22FA-450A-B618-CC2C275DF1A7}.Debug|Any CPU.ActiveCfg = Debug|Any CPU
		{03F1C086-22FA-450A-B618-CC2C275DF1A7}.Debug|Any CPU.Build.0 = Debug|Any CPU
		{03F1C086-22FA-450A-B618-CC2C275DF1A7}.Release|Any CPU.ActiveCfg = Release|Any CPU
		{03F1C086-22FA-450A-B618-CC2C275DF1A7}.Release|Any CPU.Build.0 = Release|Any CPU
		{03F1C086-22FA-450A-B618-CC2C275DF1A7}.testjs|Any CPU.ActiveCfg = testjs|Any CPU
		{D4C00740-6ECE-4997-8EDD-ACCC8D919AC0}.Debug|Any CPU.ActiveCfg = Debug|Any CPU
		{D4C00740-6ECE-4997-8EDD-ACCC8D919AC0}.Debug|Any CPU.Build.0 = Debug|Any CPU
		{D4C00740-6ECE-4997-8EDD-ACCC8D919AC0}.Release|Any CPU.ActiveCfg = Release|Any CPU
		{D4C00740-6ECE-4997-8EDD-ACCC8D919AC0}.Release|Any CPU.Build.0 = Release|Any CPU
		{D4C00740-6ECE-4997-8EDD-ACCC8D919AC0}.testjs|Any CPU.ActiveCfg = testjs|Any CPU
		{D4C00740-6ECE-4997-8EDD-ACCC8D919AC0}.testjs|Any CPU.Build.0 = testjs|Any CPU
	EndGlobalSection
	GlobalSection(SolutionProperties) = preSolution
		HideSolutionNode = FALSE
	EndGlobalSection
	GlobalSection(ExtensibilityGlobals) = postSolution
		SolutionGuid = {8BF4CE30-E3A7-48CB-9FF8-D928B961A974}
	EndGlobalSection
EndGlobal
